
Microsoft Visual Studio Solution File, Format Version 12.00
# Visual Studio Version 16
VisualStudioVersion = 16.0.31613.86
MinimumVisualStudioVersion = 10.0.40219.1
Project("{9A19103F-16F7-4668-BE54-9A1E7A4F7556}") = "FoodDelivery", "FoodDelivery\FoodDelivery.csproj", "{00D8C3D1-F374-4B54-9795-3B58742BEEAB}"
	ProjectSection(ProjectDependencies) = postProject
		{70345103-515F-4900-B34B-C3CA659E17F5} = {70345103-515F-4900-B34B-C3CA659E17F5}
		{28B014A7-B332-4C16-A608-983B19084180} = {28B014A7-B332-4C16-A608-983B19084180}
	EndProjectSection
EndProject
Project("{9A19103F-16F7-4668-BE54-9A1E7A4F7556}") = "Infrastructure", "Infrastructure\Infrastructure.csproj", "{70345103-515F-4900-B34B-C3CA659E17F5}"
	ProjectSection(ProjectDependencies) = postProject
		{28B014A7-B332-4C16-A608-983B19084180} = {28B014A7-B332-4C16-A608-983B19084180}
	EndProjectSection
EndProject
Project("{9A19103F-16F7-4668-BE54-9A1E7A4F7556}") = "ApplicationCore", "ApplicationCore\ApplicationCore.csproj", "{28B014A7-B332-4C16-A608-983B19084180}"
EndProject
Global
	GlobalSection(SolutionConfigurationPlatforms) = preSolution
		Debug|Any CPU = Debug|Any CPU
		Release|Any CPU = Release|Any CPU
	EndGlobalSection
	GlobalSection(ProjectConfigurationPlatforms) = postSolution
		{00D8C3D1-F374-4B54-9795-3B58742BEEAB}.Debug|Any CPU.ActiveCfg = Debug|Any CPU
		{00D8C3D1-F374-4B54-9795-3B58742BEEAB}.Debug|Any CPU.Build.0 = Debug|Any CPU
		{00D8C3D1-F374-4B54-9795-3B58742BEEAB}.Release|Any CPU.ActiveCfg = Release|Any CPU
		{00D8C3D1-F374-4B54-9795-3B58742BEEAB}.Release|Any CPU.Build.0 = Release|Any CPU
		{70345103-515F-4900-B34B-C3CA659E17F5}.Debug|Any CPU.ActiveCfg = Debug|Any CPU
		{70345103-515F-4900-B34B-C3CA659E17F5}.Debug|Any CPU.Build.0 = Debug|Any CPU
		{70345103-515F-4900-B34B-C3CA659E17F5}.Release|Any CPU.ActiveCfg = Release|Any CPU
		{70345103-515F-4900-B34B-C3CA659E17F5}.Release|Any CPU.Build.0 = Release|Any CPU
		{28B014A7-B332-4C16-A608-983B19084180}.Debug|Any CPU.ActiveCfg = Debug|Any CPU
		{28B014A7-B332-4C16-A608-983B19084180}.Debug|Any CPU.Build.0 = Debug|Any CPU
		{28B014A7-B332-4C16-A608-983B19084180}.Release|Any CPU.ActiveCfg = Release|Any CPU
		{28B014A7-B332-4C16-A608-983B19084180}.Release|Any CPU.Build.0 = Release|Any CPU
	EndGlobalSection
	GlobalSection(SolutionProperties) = preSolution
		HideSolutionNode = FALSE
	EndGlobalSection
	GlobalSection(ExtensibilityGlobals) = postSolution
		SolutionGuid = {51ED32D9-4B8D-4F0B-92BB-75B56805BDB0}
	EndGlobalSection
EndGlobal
